{
  "name": "jcq",
  "version": "1.0.0",
  "lockfileVersion": 3,
  "requires": true,
  "packages": {
    "": {
      "name": "jcq",
      "version": "1.0.0",
      "license": "ISC",
      "devDependencies": {
        "miniprogram-api-typings": "^3.12.1"
      }
    },
    "node_modules/miniprogram-api-typings": {
      "version": "3.12.1",
      "resolved": "https://registry.npmjs.org/miniprogram-api-typings/-/miniprogram-api-typings-3.12.1.tgz",
      "integrity": "sha512-ewXOEqLGIgqQSy4wbaCHq47sfDsC/hQhO9QVzTQTCKNf9x691AwADHorfCTfVLXDVkOjbbLmJ086M3Dv7hKcXw==",
      "dev": true
    }
  }
}
